
Microsoft Visual Studio Solution File, Format Version 12.00
# Visual Studio 15
VisualStudioVersion = 15.0.28307.329
MinimumVisualStudioVersion = 10.0.40219.1
Project("{FAE04EC0-301F-11D3-BF4B-00C04F79EFBC}") = "LzwAlgorithm", "LzwAlgorithm\LzwAlgorithm.csproj", "{C49EFB4C-67AF-48C0-B176-6086711967B7}"
EndProject
Project("{9A19103F-16F7-4668-BE54-9A1E7A4F7556}") = "LzwAlgorithm.Tests", "LzwAlgorithm.Tests\LzwAlgorithm.Tests.csproj", "{F9173096-85EB-47D1-9A5C-7BDBAA83E4D8}"
EndProject
Global
	GlobalSection(SolutionConfigurationPlatforms) = preSolution
		Debug|Any CPU = Debug|Any CPU
		Release|Any CPU = Release|Any CPU
	EndGlobalSection
	GlobalSection(ProjectConfigurationPlatforms) = postSolution
		{C49EFB4C-67AF-48C0-B176-6086711967B7}.Debug|Any CPU.ActiveCfg = Debug|Any CPU
		{C49EFB4C-67AF-48C0-B176-6086711967B7}.Debug|Any CPU.Build.0 = Debug|Any CPU
		{C49EFB4C-67AF-48C0-B176-6086711967B7}.Release|Any CPU.ActiveCfg = Release|Any CPU
		{C49EFB4C-67AF-48C0-B176-6086711967B7}.Release|Any CPU.Build.0 = Release|Any CPU
		{F9173096-85EB-47D1-9A5C-7BDBAA83E4D8}.Debug|Any CPU.ActiveCfg = Debug|Any CPU
		{F9173096-85EB-47D1-9A5C-7BDBAA83E4D8}.Debug|Any CPU.Build.0 = Debug|Any CPU
		{F9173096-85EB-47D1-9A5C-7BDBAA83E4D8}.Release|Any CPU.ActiveCfg = Release|Any CPU
		{F9173096-85EB-47D1-9A5C-7BDBAA83E4D8}.Release|Any CPU.Build.0 = Release|Any CPU
	EndGlobalSection
	GlobalSection(SolutionProperties) = preSolution
		HideSolutionNode = FALSE
	EndGlobalSection
	GlobalSection(ExtensibilityGlobals) = postSolution
		SolutionGuid = {BFD15261-EA30-4933-AD72-A230BD392D60}
	EndGlobalSection
EndGlobal
